
Microsoft Visual Studio Solution File, Format Version 12.00
# Visual Studio Version 17
VisualStudioVersion = 17.14.36327.8
MinimumVisualStudioVersion = 10.0.40219.1
Project("{FAE04EC0-301F-11D3-BF4B-00C04F79EFBC}") = "WinformsDemo-i2winforms", "WinformsDemo-i2winforms.csproj", "{1E83437A-5284-41C8-A070-EB64B4115151}"
EndProject
Global
	GlobalSection(SolutionConfigurationPlatforms) = preSolution
		Debug|Any CPU = Debug|Any CPU
		Release|Any CPU = Release|Any CPU
	EndGlobalSection
	GlobalSection(ProjectConfigurationPlatforms) = postSolution
		{1E83437A-5284-41C8-A070-EB64B4115151}.Debug|Any CPU.ActiveCfg = Debug|Any CPU
		{1E83437A-5284-41C8-A070-EB64B4115151}.Debug|Any CPU.Build.0 = Debug|Any CPU
		{1E83437A-5284-41C8-A070-EB64B4115151}.Release|Any CPU.ActiveCfg = Release|Any CPU
		{1E83437A-5284-41C8-A070-EB64B4115151}.Release|Any CPU.Build.0 = Release|Any CPU
	EndGlobalSection
	GlobalSection(SolutionProperties) = preSolution
		HideSolutionNode = FALSE
	EndGlobalSection
	GlobalSection(ExtensibilityGlobals) = postSolution
		SolutionGuid = {DA0C638F-B306-4E52-B19E-4EF263E53FD8}
	EndGlobalSection
EndGlobal
